
Microsoft Visual Studio Solution File, Format Version 12.00
# Visual Studio Version 16
VisualStudioVersion = 16.0.29728.190
MinimumVisualStudioVersion = 10.0.40219.1
Project("{9A19103F-16F7-4668-BE54-9A1E7A4F7556}") = "Webbeth", "Webbeth.csproj", "{4D350C22-DB6D-4D83-A116-7242E6DA6CEC}"
EndProject
Global
	GlobalSection(SolutionConfigurationPlatforms) = preSolution
		Debug|Any CPU = Debug|Any CPU
		Release|Any CPU = Release|Any CPU
	EndGlobalSection
	GlobalSection(ProjectConfigurationPlatforms) = postSolution
		{4D350C22-DB6D-4D83-A116-7242E6DA6CEC}.Debug|Any CPU.ActiveCfg = Debug|Any CPU
		{4D350C22-DB6D-4D83-A116-7242E6DA6CEC}.Debug|Any CPU.Build.0 = Debug|Any CPU
		{4D350C22-DB6D-4D83-A116-7242E6DA6CEC}.Release|Any CPU.ActiveCfg = Release|Any CPU
		{4D350C22-DB6D-4D83-A116-7242E6DA6CEC}.Release|Any CPU.Build.0 = Release|Any CPU
	EndGlobalSection
	GlobalSection(SolutionProperties) = preSolution
		HideSolutionNode = FALSE
	EndGlobalSection
	GlobalSection(ExtensibilityGlobals) = postSolution
		SolutionGuid = {525797DA-5428-406E-BCA6-A2DFAD9EA1A0}
	EndGlobalSection
EndGlobal
